// !$*UTF8*$!
{
	archiveVersion = 1;
	classes = {
	};
	objectVersion = 56;
	objects = {

/* Begin PBXBuildFile section */
		FA2106E32BDFE56A00A7F070 /* AppDelegate.swift in Sources */ = {isa = PBXBuildFile; fileRef = FA2106E22BDFE56A00A7F070 /* AppDelegate.swift */; };
		FA2106E52BDFE56A00A7F070 /* SceneDelegate.swift in Sources */ = {isa = PBXBuildFile; fileRef = FA2106E42BDFE56A00A7F070 /* SceneDelegate.swift */; };
		FA2106E72BDFE56A00A7F070 /* HomeController.swift in Sources */ = {isa = PBXBuildFile; fileRef = FA2106E62BDFE56A00A7F070 /* HomeController.swift */; };
		FA2106EC2BDFE56C00A7F070 /* Assets.xcassets in Resources */ = {isa = PBXBuildFile; fileRef = FA2106EB2BDFE56C00A7F070 /* Assets.xcassets */; };
		FA2106EF2BDFE56C00A7F070 /* LaunchScreen.storyboard in Resources */ = {isa = PBXBuildFile; fileRef = FA2106ED2BDFE56C00A7F070 /* LaunchScreen.storyboard */; };
		FA2106FB2BDFE73300A7F070 /* RegisterController.swift in Sources */ = {isa = PBXBuildFile; fileRef = FA2106FA2BDFE73300A7F070 /* RegisterController.swift */; };
		FA2106FD2BDFE74600A7F070 /* LoginController.swift in Sources */ = {isa = PBXBuildFile; fileRef = FA2106FC2BDFE74600A7F070 /* LoginController.swift */; };
		FA2107012BDFE9AA00A7F070 /* ForfotPasswordController.swift in Sources */ = {isa = PBXBuildFile; fileRef = FA2107002BDFE9AA00A7F070 /* ForfotPasswordController.swift */; };
		FA2107042BDFEBC100A7F070 /* AuthHeaderView.swift in Sources */ = {isa = PBXBuildFile; fileRef = FA2107032BDFEBC100A7F070 /* AuthHeaderView.swift */; };
		FA2107072BDFF1AD00A7F070 /* String + Extension.swift in Sources */ = {isa = PBXBuildFile; fileRef = FA2107062BDFF1AD00A7F070 /* String + Extension.swift */; };
		FA2107092BDFF60600A7F070 /* CustomTextField.swift in Sources */ = {isa = PBXBuildFile; fileRef = FA2107082BDFF60600A7F070 /* CustomTextField.swift */; };
		FA21070B2BDFFE3500A7F070 /* CustomButton.swift in Sources */ = {isa = PBXBuildFile; fileRef = FA21070A2BDFFE3500A7F070 /* CustomButton.swift */; };
		FAE6C8E92BE0983C009A8D13 /* WebViewController.swift in Sources */ = {isa = PBXBuildFile; fileRef = FAE6C8E82BE0983C009A8D13 /* WebViewController.swift */; };
		FAE6C8EB2BE09C46009A8D13 /* NetworkError.swift in Sources */ = {isa = PBXBuildFile; fileRef = FAE6C8EA2BE09C46009A8D13 /* NetworkError.swift */; };
		FAE6C8EE2BE0CDC3009A8D13 /* AlertManager.swift in Sources */ = {isa = PBXBuildFile; fileRef = FAE6C8ED2BE0CDC3009A8D13 /* AlertManager.swift */; };
/* End PBXBuildFile section */

/* Begin PBXFileReference section */
		FA2106DF2BDFE56A00A7F070 /* MyMovieApp.app */ = {isa = PBXFileReference; explicitFileType = wrapper.application; includeInIndex = 0; path = MyMovieApp.app; sourceTree = BUILT_PRODUCTS_DIR; };
		FA2106E22BDFE56A00A7F070 /* AppDelegate.swift */ = {isa = PBXFileReference; lastKnownFileType = sourcecode.swift; path = AppDelegate.swift; sourceTree = "<group>"; };
		FA2106E42BDFE56A00A7F070 /* SceneDelegate.swift */ = {isa = PBXFileReference; lastKnownFileType = sourcecode.swift; path = SceneDelegate.swift; sourceTree = "<group>"; };
		FA2106E62BDFE56A00A7F070 /* HomeController.swift */ = {isa = PBXFileReference; lastKnownFileType = sourcecode.swift; path = HomeController.swift; sourceTree = "<group>"; };
		FA2106EB2BDFE56C00A7F070 /* Assets.xcassets */ = {isa = PBXFileReference; lastKnownFileType = folder.assetcatalog; path = Assets.xcassets; sourceTree = "<group>"; };
		FA2106EE2BDFE56C00A7F070 /* Base */ = {isa = PBXFileReference; lastKnownFileType = file.storyboard; name = Base; path = Base.lproj/LaunchScreen.storyboard; sourceTree = "<group>"; };
		FA2106F02BDFE56C00A7F070 /* Info.plist */ = {isa = PBXFileReference; lastKnownFileType = text.plist.xml; path = Info.plist; sourceTree = "<group>"; };
		FA2106FA2BDFE73300A7F070 /* RegisterController.swift */ = {isa = PBXFileReference; lastKnownFileType = sourcecode.swift; path = RegisterController.swift; sourceTree = "<group>"; };
		FA2106FC2BDFE74600A7F070 /* LoginController.swift */ = {isa = PBXFileReference; lastKnownFileType = sourcecode.swift; path = LoginController.swift; sourceTree = "<group>"; };
		FA2107002BDFE9AA00A7F070 /* ForfotPasswordController.swift */ = {isa = PBXFileReference; lastKnownFileType = sourcecode.swift; path = ForfotPasswordController.swift; sourceTree = "<group>"; };
		FA2107032BDFEBC100A7F070 /* AuthHeaderView.swift */ = {isa = PBXFileReference; lastKnownFileType = sourcecode.swift; path = AuthHeaderView.swift; sourceTree = "<group>"; };
		FA2107062BDFF1AD00A7F070 /* String + Extension.swift */ = {isa = PBXFileReference; lastKnownFileType = sourcecode.swift; path = "String + Extension.swift"; sourceTree = "<group>"; };
		FA2107082BDFF60600A7F070 /* CustomTextField.swift */ = {isa = PBXFileReference; lastKnownFileType = sourcecode.swift; path = CustomTextField.swift; sourceTree = "<group>"; };
		FA21070A2BDFFE3500A7F070 /* CustomButton.swift */ = {isa = PBXFileReference; lastKnownFileType = sourcecode.swift; path = CustomButton.swift; sourceTree = "<group>"; };
		FAE6C8E82BE0983C009A8D13 /* WebViewController.swift */ = {isa = PBXFileReference; lastKnownFileType = sourcecode.swift; path = WebViewController.swift; sourceTree = "<group>"; };
		FAE6C8EA2BE09C46009A8D13 /* NetworkError.swift */ = {isa = PBXFileReference; lastKnownFileType = sourcecode.swift; path = NetworkError.swift; sourceTree = "<group>"; };
		FAE6C8ED2BE0CDC3009A8D13 /* AlertManager.swift */ = {isa = PBXFileReference; lastKnownFileType = sourcecode.swift; path = AlertManager.swift; sourceTree = "<group>"; };
/* End PBXFileReference section */

/* Begin PBXFrameworksBuildPhase section */
		FA2106DC2BDFE56A00A7F070 /* Frameworks */ = {
			isa = PBXFrameworksBuildPhase;
			buildActionMask = 2147483647;
			files = (
			);
			runOnlyForDeploymentPostprocessing = 0;
		};
/* End PBXFrameworksBuildPhase section */

/* Begin PBXGroup section */
		FA2106D62BDFE56A00A7F070 = {
			isa = PBXGroup;
			children = (
				FA2106E12BDFE56A00A7F070 /* MyMovieApp */,
				FA2106E02BDFE56A00A7F070 /* Products */,
			);
			sourceTree = "<group>";
		};
		FA2106E02BDFE56A00A7F070 /* Products */ = {
			isa = PBXGroup;
			children = (
				FA2106DF2BDFE56A00A7F070 /* MyMovieApp.app */,
			);
			name = Products;
			sourceTree = "<group>";
		};
		FA2106E12BDFE56A00A7F070 /* MyMovieApp */ = {
			isa = PBXGroup;
			children = (
				FAE6C8EC2BE0CD9E009A8D13 /* Managers */,
				FAE6C8E82BE0983C009A8D13 /* WebViewController.swift */,
				FA2107052BDFF18B00A7F070 /* Extensions */,
				FA2107022BDFEA6C00A7F070 /* Views */,
				FA2106F82BDFE6F200A7F070 /* Root */,
				FA2106F62BDFE6C400A7F070 /* Application */,
				FA2106FF2BDFE8F600A7F070 /* Supporting */,
			);
			path = MyMovieApp;
			sourceTree = "<group>";
		};
		FA2106F62BDFE6C400A7F070 /* Application */ = {
			isa = PBXGroup;
			children = (
				FA2106E22BDFE56A00A7F070 /* AppDelegate.swift */,
				FA2106E42BDFE56A00A7F070 /* SceneDelegate.swift */,
			);
			path = Application;
			sourceTree = "<group>";
		};
		FA2106F72BDFE6DD00A7F070 /* Views */ = {
			isa = PBXGroup;
			children = (
			);
			path = Views;
			sourceTree = "<group>";
		};
		FA2106F82BDFE6F200A7F070 /* Root */ = {
			isa = PBXGroup;
			children = (
				FA2106FE2BDFE76600A7F070 /* Controllers */,
				FA2106F72BDFE6DD00A7F070 /* Views */,
			);
			path = Root;
			sourceTree = "<group>";
		};
		FA2106F92BDFE70400A7F070 /* Authitication */ = {
			isa = PBXGroup;
			children = (
				FA2106FC2BDFE74600A7F070 /* LoginController.swift */,
				FA2106FA2BDFE73300A7F070 /* RegisterController.swift */,
				FA2107002BDFE9AA00A7F070 /* ForfotPasswordController.swift */,
			);
			path = Authitication;
			sourceTree = "<group>";
		};
		FA2106FE2BDFE76600A7F070 /* Controllers */ = {
			isa = PBXGroup;
			children = (
				FA2106E62BDFE56A00A7F070 /* HomeController.swift */,
				FA2106F92BDFE70400A7F070 /* Authitication */,
			);
			path = Controllers;
			sourceTree = "<group>";
		};
		FA2106FF2BDFE8F600A7F070 /* Supporting */ = {
			isa = PBXGroup;
			children = (
				FA2106EB2BDFE56C00A7F070 /* Assets.xcassets */,
				FA2106ED2BDFE56C00A7F070 /* LaunchScreen.storyboard */,
				FA2106F02BDFE56C00A7F070 /* Info.plist */,
			);
			path = Supporting;
			sourceTree = "<group>";
		};
		FA2107022BDFEA6C00A7F070 /* Views */ = {
			isa = PBXGroup;
			children = (
				FA2107032BDFEBC100A7F070 /* AuthHeaderView.swift */,
				FA2107082BDFF60600A7F070 /* CustomTextField.swift */,
				FA21070A2BDFFE3500A7F070 /* CustomButton.swift */,
			);
			path = Views;
			sourceTree = "<group>";
		};
		FA2107052BDFF18B00A7F070 /* Extensions */ = {
			isa = PBXGroup;
			children = (
				FA2107062BDFF1AD00A7F070 /* String + Extension.swift */,
				FAE6C8EA2BE09C46009A8D13 /* NetworkError.swift */,
			);
			path = Extensions;
			sourceTree = "<group>";
		};
		FAE6C8EC2BE0CD9E009A8D13 /* Managers */ = {
			isa = PBXGroup;
			children = (
				FAE6C8ED2BE0CDC3009A8D13 /* AlertManager.swift */,
			);
			path = Managers;
			sourceTree = "<group>";
		};
/* End PBXGroup section */

/* Begin PBXNativeTarget section */
		FA2106DE2BDFE56A00A7F070 /* MyMovieApp */ = {
			isa = PBXNativeTarget;
			buildConfigurationList = FA2106F32BDFE56C00A7F070 /* Build configuration list for PBXNativeTarget "MyMovieApp" */;
			buildPhases = (
				FA2106DB2BDFE56A00A7F070 /* Sources */,
				FA2106DC2BDFE56A00A7F070 /* Frameworks */,
				FA2106DD2BDFE56A00A7F070 /* Resources */,
			);
			buildRules = (
			);
			dependencies = (
			);
			name = MyMovieApp;
			productName = MyMovieApp;
			productReference = FA2106DF2BDFE56A00A7F070 /* MyMovieApp.app */;
			productType = "com.apple.product-type.application";
		};
/* End PBXNativeTarget section */

/* Begin PBXProject section */
		FA2106D72BDFE56A00A7F070 /* Project object */ = {
			isa = PBXProject;
			attributes = {
				BuildIndependentTargetsInParallel = 1;
				LastSwiftUpdateCheck = 1520;
				LastUpgradeCheck = 1520;
				TargetAttributes = {
					FA2106DE2BDFE56A00A7F070 = {
						CreatedOnToolsVersion = 15.2;
					};
				};
			};
			buildConfigurationList = FA2106DA2BDFE56A00A7F070 /* Build configuration list for PBXProject "MyMovieApp" */;
			compatibilityVersion = "Xcode 14.0";
			developmentRegion = en;
			hasScannedForEncodings = 0;
			knownRegions = (
				en,
				Base,
			);
			mainGroup = FA2106D62BDFE56A00A7F070;
			productRefGroup = FA2106E02BDFE56A00A7F070 /* Products */;
			projectDirPath = "";
			projectRoot = "";
			targets = (
				FA2106DE2BDFE56A00A7F070 /* MyMovieApp */,
			);
		};
/* End PBXProject section */

/* Begin PBXResourcesBuildPhase section */
		FA2106DD2BDFE56A00A7F070 /* Resources */ = {
			isa = PBXResourcesBuildPhase;
			buildActionMask = 2147483647;
			files = (
				FA2106EF2BDFE56C00A7F070 /* LaunchScreen.storyboard in Resources */,
				FA2106EC2BDFE56C00A7F070 /* Assets.xcassets in Resources */,
			);
			runOnlyForDeploymentPostprocessing = 0;
		};
/* End PBXResourcesBuildPhase section */

/* Begin PBXSourcesBuildPhase section */
		FA2106DB2BDFE56A00A7F070 /* Sources */ = {
			isa = PBXSourcesBuildPhase;
			buildActionMask = 2147483647;
			files = (
				FA2107012BDFE9AA00A7F070 /* ForfotPasswordController.swift in Sources */,
				FAE6C8E92BE0983C009A8D13 /* WebViewController.swift in Sources */,
				FA2106E72BDFE56A00A7F070 /* HomeController.swift in Sources */,
				FA2107072BDFF1AD00A7F070 /* String + Extension.swift in Sources */,
				FAE6C8EB2BE09C46009A8D13 /* NetworkError.swift in Sources */,
				FAE6C8EE2BE0CDC3009A8D13 /* AlertManager.swift in Sources */,
				FA2106FB2BDFE73300A7F070 /* RegisterController.swift in Sources */,
				FA21070B2BDFFE3500A7F070 /* CustomButton.swift in Sources */,
				FA2106E32BDFE56A00A7F070 /* AppDelegate.swift in Sources */,
				FA2106FD2BDFE74600A7F070 /* LoginController.swift in Sources */,
				FA2106E52BDFE56A00A7F070 /* SceneDelegate.swift in Sources */,
				FA2107042BDFEBC100A7F070 /* AuthHeaderView.swift in Sources */,
				FA2107092BDFF60600A7F070 /* CustomTextField.swift in Sources */,
			);
			runOnlyForDeploymentPostprocessing = 0;
		};
/* End PBXSourcesBuildPhase section */

/* Begin PBXVariantGroup section */
		FA2106ED2BDFE56C00A7F070 /* LaunchScreen.storyboard */ = {
			isa = PBXVariantGroup;
			children = (
				FA2106EE2BDFE56C00A7F070 /* Base */,
			);
			name = LaunchScreen.storyboard;
			sourceTree = "<group>";
		};
/* End PBXVariantGroup section */

/* Begin XCBuildConfiguration section */
		FA2106F12BDFE56C00A7F070 /* Debug */ = {
			isa = XCBuildConfiguration;
			buildSettings = {
				ALWAYS_SEARCH_USER_PATHS = NO;
				ASSETCATALOG_COMPILER_GENERATE_SWIFT_ASSET_SYMBOL_EXTENSIONS = YES;
				CLANG_ANALYZER_NONNULL = YES;
				CLANG_ANALYZER_NUMBER_OBJECT_CONVERSION = YES_AGGRESSIVE;
				CLANG_CXX_LANGUAGE_STANDARD = "gnu++20";
				CLANG_ENABLE_MODULES = YES;
				CLANG_ENABLE_OBJC_ARC = YES;
				CLANG_ENABLE_OBJC_WEAK = YES;
				CLANG_WARN_BLOCK_CAPTURE_AUTORELEASING = YES;
				CLANG_WARN_BOOL_CONVERSION = YES;
				CLANG_WARN_COMMA = YES;
				CLANG_WARN_CONSTANT_CONVERSION = YES;
				CLANG_WARN_DEPRECATED_OBJC_IMPLEMENTATIONS = YES;
				CLANG_WARN_DIRECT_OBJC_ISA_USAGE = YES_ERROR;
				CLANG_WARN_DOCUMENTATION_COMMENTS = YES;
				CLANG_WARN_EMPTY_BODY = YES;
				CLANG_WARN_ENUM_CONVERSION = YES;
				CLANG_WARN_INFINITE_RECURSION = YES;
				CLANG_WARN_INT_CONVERSION = YES;
				CLANG_WARN_NON_LITERAL_NULL_CONVERSION = YES;
				CLANG_WARN_OBJC_IMPLICIT_RETAIN_SELF = YES;
				CLANG_WARN_OBJC_LITERAL_CONVERSION = YES;
				CLANG_WARN_OBJC_ROOT_CLASS = YES_ERROR;
				CLANG_WARN_QUOTED_INCLUDE_IN_FRAMEWORK_HEADER = YES;
				CLANG_WARN_RANGE_LOOP_ANALYSIS = YES;
				CLANG_WARN_STRICT_PROTOTYPES = YES;
				CLANG_WARN_SUSPICIOUS_MOVE = YES;
				CLANG_WARN_UNGUARDED_AVAILABILITY = YES_AGGRESSIVE;
				CLANG_WARN_UNREACHABLE_CODE = YES;
				CLANG_WARN__DUPLICATE_METHOD_MATCH = YES;
				COPY_PHASE_STRIP = NO;
				DEBUG_INFORMATION_FORMAT = dwarf;
				ENABLE_STRICT_OBJC_MSGSEND = YES;
				ENABLE_TESTABILITY = YES;
				ENABLE_USER_SCRIPT_SANDBOXING = YES;
				GCC_C_LANGUAGE_STANDARD = gnu17;
				GCC_DYNAMIC_NO_PIC = NO;
				GCC_NO_COMMON_BLOCKS = YES;
				GCC_OPTIMIZATION_LEVEL = 0;
				GCC_PREPROCESSOR_DEFINITIONS = (
					"DEBUG=1",
					"$(inherited)",
				);
				GCC_WARN_64_TO_32_BIT_CONVERSION = YES;
				GCC_WARN_ABOUT_RETURN_TYPE = YES_ERROR;
				GCC_WARN_UNDECLARED_SELECTOR = YES;
				GCC_WARN_UNINITIALIZED_AUTOS = YES_AGGRESSIVE;
				GCC_WARN_UNUSED_FUNCTION = YES;
				GCC_WARN_UNUSED_VARIABLE = YES;
				IPHONEOS_DEPLOYMENT_TARGET = 13.0;
				LOCALIZATION_PREFERS_STRING_CATALOGS = YES;
				MTL_ENABLE_DEBUG_INFO = INCLUDE_SOURCE;
				MTL_FAST_MATH = YES;
				ONLY_ACTIVE_ARCH = YES;
				SDKROOT = iphoneos;
				SWIFT_ACTIVE_COMPILATION_CONDITIONS = "DEBUG $(inherited)";
				SWIFT_OPTIMIZATION_LEVEL = "-Onone";
			};
			name = Debug;
		};
		FA2106F22BDFE56C00A7F070 /* Release */ = {
			isa = XCBuildConfiguration;
			buildSettings = {
				ALWAYS_SEARCH_USER_PATHS = NO;
				ASSETCATALOG_COMPILER_GENERATE_SWIFT_ASSET_SYMBOL_EXTENSIONS = YES;
				CLANG_ANALYZER_NONNULL = YES;
				CLANG_ANALYZER_NUMBER_OBJECT_CONVERSION = YES_AGGRESSIVE;
				CLANG_CXX_LANGUAGE_STANDARD = "gnu++20";
				CLANG_ENABLE_MODULES = YES;
				CLANG_ENABLE_OBJC_ARC = YES;
				CLANG_ENABLE_OBJC_WEAK = YES;
				CLANG_WARN_BLOCK_CAPTURE_AUTORELEASING = YES;
				CLANG_WARN_BOOL_CONVERSION = YES;
				CLANG_WARN_COMMA = YES;
				CLANG_WARN_CONSTANT_CONVERSION = YES;
				CLANG_WARN_DEPRECATED_OBJC_IMPLEMENTATIONS = YES;
				CLANG_WARN_DIRECT_OBJC_ISA_USAGE = YES_ERROR;
				CLANG_WARN_DOCUMENTATION_COMMENTS = YES;
				CLANG_WARN_EMPTY_BODY = YES;
				CLANG_WARN_ENUM_CONVERSION = YES;
				CLANG_WARN_INFINITE_RECURSION = YES;
				CLANG_WARN_INT_CONVERSION = YES;
				CLANG_WARN_NON_LITERAL_NULL_CONVERSION = YES;
				CLANG_WARN_OBJC_IMPLICIT_RETAIN_SELF = YES;
				CLANG_WARN_OBJC_LITERAL_CONVERSION = YES;
				CLANG_WARN_OBJC_ROOT_CLASS = YES_ERROR;
				CLANG_WARN_QUOTED_INCLUDE_IN_FRAMEWORK_HEADER = YES;
				CLANG_WARN_RANGE_LOOP_ANALYSIS = YES;
				CLANG_WARN_STRICT_PROTOTYPES = YES;
				CLANG_WARN_SUSPICIOUS_MOVE = YES;
				CLANG_WARN_UNGUARDED_AVAILABILITY = YES_AGGRESSIVE;
				CLANG_WARN_UNREACHABLE_CODE = YES;
				CLANG_WARN__DUPLICATE_METHOD_MATCH = YES;
				COPY_PHASE_STRIP = NO;
				DEBUG_INFORMATION_FORMAT = "dwarf-with-dsym";
				ENABLE_NS_ASSERTIONS = NO;
				ENABLE_STRICT_OBJC_MSGSEND = YES;
				ENABLE_USER_SCRIPT_SANDBOXING = YES;
				GCC_C_LANGUAGE_STANDARD = gnu17;
				GCC_NO_COMMON_BLOCKS = YES;
				GCC_WARN_64_TO_32_BIT_CONVERSION = YES;
				GCC_WARN_ABOUT_RETURN_TYPE = YES_ERROR;
				GCC_WARN_UNDECLARED_SELECTOR = YES;
				GCC_WARN_UNINITIALIZED_AUTOS = YES_AGGRESSIVE;
				GCC_WARN_UNUSED_FUNCTION = YES;
				GCC_WARN_UNUSED_VARIABLE = YES;
				IPHONEOS_DEPLOYMENT_TARGET = 13.0;
				LOCALIZATION_PREFERS_STRING_CATALOGS = YES;
				MTL_ENABLE_DEBUG_INFO = NO;
				MTL_FAST_MATH = YES;
				SDKROOT = iphoneos;
				SWIFT_COMPILATION_MODE = wholemodule;
				VALIDATE_PRODUCT = YES;
			};
			name = Release;
		};
		FA2106F42BDFE56C00A7F070 /* Debug */ = {
			isa = XCBuildConfiguration;
			buildSettings = {
				ASSETCATALOG_COMPILER_APPICON_NAME = AppIcon;
				ASSETCATALOG_COMPILER_GLOBAL_ACCENT_COLOR_NAME = AccentColor;
				CODE_SIGN_STYLE = Automatic;
				CURRENT_PROJECT_VERSION = 1;
				DEVELOPMENT_TEAM = 8A8R6ZQST8;
				GENERATE_INFOPLIST_FILE = YES;
				INFOPLIST_FILE = MyMovieApp/Supporting/Info.plist;
				INFOPLIST_KEY_UIApplicationSupportsIndirectInputEvents = YES;
				INFOPLIST_KEY_UILaunchStoryboardName = LaunchScreen;
				INFOPLIST_KEY_UISupportedInterfaceOrientations_iPad = "UIInterfaceOrientationPortrait UIInterfaceOrientationPortraitUpsideDown UIInterfaceOrientationLandscapeLeft UIInterfaceOrientationLandscapeRight";
				INFOPLIST_KEY_UISupportedInterfaceOrientations_iPhone = "UIInterfaceOrientationPortrait UIInterfaceOrientationLandscapeLeft UIInterfaceOrientationLandscapeRight";
				IPHONEOS_DEPLOYMENT_TARGET = 13.0;
				LD_RUNPATH_SEARCH_PATHS = (
					"$(inherited)",
					"@executable_path/Frameworks",
				);
				MARKETING_VERSION = 1.0;
				PRODUCT_BUNDLE_IDENTIFIER = justiOSDev.MyMovieApp;
				PRODUCT_NAME = "$(TARGET_NAME)";
				SUPPORTED_PLATFORMS = "iphoneos iphonesimulator";
				SUPPORTS_MACCATALYST = NO;
				SUPPORTS_MAC_DESIGNED_FOR_IPHONE_IPAD = NO;
				SUPPORTS_XR_DESIGNED_FOR_IPHONE_IPAD = NO;
				SWIFT_EMIT_LOC_STRINGS = YES;
				SWIFT_VERSION = 5.0;
				TARGETED_DEVICE_FAMILY = "1,2";
			};
			name = Debug;
		};
		FA2106F52BDFE56C00A7F070 /* Release */ = {
			isa = XCBuildConfiguration;
			buildSettings = {
				ASSETCATALOG_COMPILER_APPICON_NAME = AppIcon;
				ASSETCATALOG_COMPILER_GLOBAL_ACCENT_COLOR_NAME = AccentColor;
				CODE_SIGN_STYLE = Automatic;
				CURRENT_PROJECT_VERSION = 1;
				DEVELOPMENT_TEAM = 8A8R6ZQST8;
				GENERATE_INFOPLIST_FILE = YES;
				INFOPLIST_FILE = MyMovieApp/Supporting/Info.plist;
				INFOPLIST_KEY_UIApplicationSupportsIndirectInputEvents = YES;
				INFOPLIST_KEY_UILaunchStoryboardName = LaunchScreen;
				INFOPLIST_KEY_UISupportedInterfaceOrientations_iPad = "UIInterfaceOrientationPortrait UIInterfaceOrientationPortraitUpsideDown UIInterfaceOrientationLandscapeLeft UIInterfaceOrientationLandscapeRight";
				INFOPLIST_KEY_UISupportedInterfaceOrientations_iPhone = "UIInterfaceOrientationPortrait UIInterfaceOrientationLandscapeLeft UIInterfaceOrientationLandscapeRight";
				IPHONEOS_DEPLOYMENT_TARGET = 13.0;
				LD_RUNPATH_SEARCH_PATHS = (
					"$(inherited)",
					"@executable_path/Frameworks",
				);
				MARKETING_VERSION = 1.0;
				PRODUCT_BUNDLE_IDENTIFIER = justiOSDev.MyMovieApp;
				PRODUCT_NAME = "$(TARGET_NAME)";
				SUPPORTED_PLATFORMS = "iphoneos iphonesimulator";
				SUPPORTS_MACCATALYST = NO;
				SUPPORTS_MAC_DESIGNED_FOR_IPHONE_IPAD = NO;
				SUPPORTS_XR_DESIGNED_FOR_IPHONE_IPAD = NO;
				SWIFT_EMIT_LOC_STRINGS = YES;
				SWIFT_VERSION = 5.0;
				TARGETED_DEVICE_FAMILY = "1,2";
			};
			name = Release;
		};
/* End XCBuildConfiguration section */

/* Begin XCConfigurationList section */
		FA2106DA2BDFE56A00A7F070 /* Build configuration list for PBXProject "MyMovieApp" */ = {
			isa = XCConfigurationList;
			buildConfigurations = (
				FA2106F12BDFE56C00A7F070 /* Debug */,
				FA2106F22BDFE56C00A7F070 /* Release */,
			);
			defaultConfigurationIsVisible = 0;
			defaultConfigurationName = Release;
		};
		FA2106F32BDFE56C00A7F070 /* Build configuration list for PBXNativeTarget "MyMovieApp" */ = {
			isa = XCConfigurationList;
			buildConfigurations = (
				FA2106F42BDFE56C00A7F070 /* Debug */,
				FA2106F52BDFE56C00A7F070 /* Release */,
			);
			defaultConfigurationIsVisible = 0;
			defaultConfigurationName = Release;
		};
/* End XCConfigurationList section */
	};
	rootObject = FA2106D72BDFE56A00A7F070 /* Project object */;
}
